// !$*UTF8*$!
{
	archiveVersion = 1;
	classes = {
	};
	objectVersion = 56;
	objects = {

/* Begin PBXBuildFile section */
		D8AD19702A03B44C00E03C90 /* AppDelegate.swift in Sources */ = {isa = PBXBuildFile; fileRef = D8AD196F2A03B44C00E03C90 /* AppDelegate.swift */; };
		D8AD19722A03B44C00E03C90 /* SceneDelegate.swift in Sources */ = {isa = PBXBuildFile; fileRef = D8AD19712A03B44C00E03C90 /* SceneDelegate.swift */; };
		D8AD19742A03B44C00E03C90 /* MainTabBarViewController.swift in Sources */ = {isa = PBXBuildFile; fileRef = D8AD19732A03B44C00E03C90 /* MainTabBarViewController.swift */; };
		D8AD19792A03B45000E03C90 /* Assets.xcassets in Resources */ = {isa = PBXBuildFile; fileRef = D8AD19782A03B45000E03C90 /* Assets.xcassets */; };
		D8AD19AC2A04C6E000E03C90 /* WelcomeViewController.storyboard in Resources */ = {isa = PBXBuildFile; fileRef = D8AD19AB2A04C6E000E03C90 /* WelcomeViewController.storyboard */; };
		D8AD19AE2A04CB1600E03C90 /* HomeViewController.swift in Sources */ = {isa = PBXBuildFile; fileRef = D8AD19AD2A04CB1600E03C90 /* HomeViewController.swift */; };
		D8AD19B02A04CB2600E03C90 /* CartViewController.swift in Sources */ = {isa = PBXBuildFile; fileRef = D8AD19AF2A04CB2600E03C90 /* CartViewController.swift */; };
		D8AD19B22A04CB3B00E03C90 /* UserViewController.swift in Sources */ = {isa = PBXBuildFile; fileRef = D8AD19B12A04CB3B00E03C90 /* UserViewController.swift */; };
		D8AD19B42A050D4600E03C90 /* Constants.swift in Sources */ = {isa = PBXBuildFile; fileRef = D8AD19B32A050D4600E03C90 /* Constants.swift */; };
		D8AD19B62A050DF800E03C90 /* WelcomeViewController.swift in Sources */ = {isa = PBXBuildFile; fileRef = D8AD19B52A050DF800E03C90 /* WelcomeViewController.swift */; };
		D8AD19B82A05198600E03C90 /* imageSets.xcassets in Resources */ = {isa = PBXBuildFile; fileRef = D8AD19B72A05198600E03C90 /* imageSets.xcassets */; };
/* End PBXBuildFile section */

/* Begin PBXFileReference section */
		D8AD196C2A03B44C00E03C90 /* AmericanGiants.app */ = {isa = PBXFileReference; explicitFileType = wrapper.application; includeInIndex = 0; path = AmericanGiants.app; sourceTree = BUILT_PRODUCTS_DIR; };
		D8AD196F2A03B44C00E03C90 /* AppDelegate.swift */ = {isa = PBXFileReference; lastKnownFileType = sourcecode.swift; path = AppDelegate.swift; sourceTree = "<group>"; };
		D8AD19712A03B44C00E03C90 /* SceneDelegate.swift */ = {isa = PBXFileReference; lastKnownFileType = sourcecode.swift; path = SceneDelegate.swift; sourceTree = "<group>"; };
		D8AD19732A03B44C00E03C90 /* MainTabBarViewController.swift */ = {isa = PBXFileReference; lastKnownFileType = sourcecode.swift; path = MainTabBarViewController.swift; sourceTree = "<group>"; };
		D8AD19782A03B45000E03C90 /* Assets.xcassets */ = {isa = PBXFileReference; lastKnownFileType = folder.assetcatalog; name = Assets.xcassets; path = ../Assets.xcassets; sourceTree = "<group>"; };
		D8AD197D2A03B45000E03C90 /* Info.plist */ = {isa = PBXFileReference; lastKnownFileType = text.plist.xml; path = Info.plist; sourceTree = "<group>"; };
		D8AD19AB2A04C6E000E03C90 /* WelcomeViewController.storyboard */ = {isa = PBXFileReference; lastKnownFileType = file.storyboard; name = WelcomeViewController.storyboard; path = AmericanGiants/WelcomeViewController.storyboard; sourceTree = SOURCE_ROOT; };
		D8AD19AD2A04CB1600E03C90 /* HomeViewController.swift */ = {isa = PBXFileReference; lastKnownFileType = sourcecode.swift; path = HomeViewController.swift; sourceTree = "<group>"; };
		D8AD19AF2A04CB2600E03C90 /* CartViewController.swift */ = {isa = PBXFileReference; lastKnownFileType = sourcecode.swift; path = CartViewController.swift; sourceTree = "<group>"; };
		D8AD19B12A04CB3B00E03C90 /* UserViewController.swift */ = {isa = PBXFileReference; lastKnownFileType = sourcecode.swift; path = UserViewController.swift; sourceTree = "<group>"; };
		D8AD19B32A050D4600E03C90 /* Constants.swift */ = {isa = PBXFileReference; lastKnownFileType = sourcecode.swift; name = Constants.swift; path = AmericanGiants/Controller/Constants.swift; sourceTree = SOURCE_ROOT; };
		D8AD19B52A050DF800E03C90 /* WelcomeViewController.swift */ = {isa = PBXFileReference; lastKnownFileType = sourcecode.swift; path = WelcomeViewController.swift; sourceTree = "<group>"; };
		D8AD19B72A05198600E03C90 /* imageSets.xcassets */ = {isa = PBXFileReference; lastKnownFileType = folder.assetcatalog; name = imageSets.xcassets; path = AmericanGiants/Controller/imageSets.xcassets; sourceTree = SOURCE_ROOT; };
/* End PBXFileReference section */

/* Begin PBXFrameworksBuildPhase section */
		D8AD19692A03B44C00E03C90 /* Frameworks */ = {
			isa = PBXFrameworksBuildPhase;
			buildActionMask = 2147483647;
			files = (
			);
			runOnlyForDeploymentPostprocessing = 0;
		};
/* End PBXFrameworksBuildPhase section */

/* Begin PBXGroup section */
		D8AD19632A03B44C00E03C90 = {
			isa = PBXGroup;
			children = (
				D8AD196E2A03B44C00E03C90 /* AmericanGiants */,
				D8AD196D2A03B44C00E03C90 /* Products */,
			);
			sourceTree = "<group>";
		};
		D8AD196D2A03B44C00E03C90 /* Products */ = {
			isa = PBXGroup;
			children = (
				D8AD196C2A03B44C00E03C90 /* AmericanGiants.app */,
			);
			name = Products;
			sourceTree = "<group>";
		};
		D8AD196E2A03B44C00E03C90 /* AmericanGiants */ = {
			isa = PBXGroup;
			children = (
				D8AD19832A03B46900E03C90 /* Model */,
				D8AD19842A03B47200E03C90 /* View */,
				D8AD19852A03B47D00E03C90 /* ViewModel */,
				D8AD19862A03B48900E03C90 /* Controller */,
				D8AD19872A03B4B400E03C90 /* SupportingFiles */,
				D8AD196F2A03B44C00E03C90 /* AppDelegate.swift */,
				D8AD19712A03B44C00E03C90 /* SceneDelegate.swift */,
				D8AD197D2A03B45000E03C90 /* Info.plist */,
			);
			path = AmericanGiants;
			sourceTree = "<group>";
		};
		D8AD19832A03B46900E03C90 /* Model */ = {
			isa = PBXGroup;
			children = (
				D8AD19B32A050D4600E03C90 /* Constants.swift */,
			);
			path = Model;
			sourceTree = "<group>";
		};
		D8AD19842A03B47200E03C90 /* View */ = {
			isa = PBXGroup;
			children = (
				D8AD19AB2A04C6E000E03C90 /* WelcomeViewController.storyboard */,
				D8AD19B72A05198600E03C90 /* imageSets.xcassets */,
			);
			path = View;
			sourceTree = "<group>";
		};
		D8AD19852A03B47D00E03C90 /* ViewModel */ = {
			isa = PBXGroup;
			children = (
			);
			path = ViewModel;
			sourceTree = "<group>";
		};
		D8AD19862A03B48900E03C90 /* Controller */ = {
			isa = PBXGroup;
			children = (
				D8AD19732A03B44C00E03C90 /* MainTabBarViewController.swift */,
				D8AD19AD2A04CB1600E03C90 /* HomeViewController.swift */,
				D8AD19AF2A04CB2600E03C90 /* CartViewController.swift */,
				D8AD19B12A04CB3B00E03C90 /* UserViewController.swift */,
				D8AD19B52A050DF800E03C90 /* WelcomeViewController.swift */,
			);
			path = Controller;
			sourceTree = "<group>";
		};
		D8AD19872A03B4B400E03C90 /* SupportingFiles */ = {
			isa = PBXGroup;
			children = (
				D8AD19782A03B45000E03C90 /* Assets.xcassets */,
			);
			path = SupportingFiles;
			sourceTree = "<group>";
		};
/* End PBXGroup section */

/* Begin PBXNativeTarget section */
		D8AD196B2A03B44C00E03C90 /* AmericanGiants */ = {
			isa = PBXNativeTarget;
			buildConfigurationList = D8AD19802A03B45000E03C90 /* Build configuration list for PBXNativeTarget "AmericanGiants" */;
			buildPhases = (
				D8AD19682A03B44C00E03C90 /* Sources */,
				D8AD19692A03B44C00E03C90 /* Frameworks */,
				D8AD196A2A03B44C00E03C90 /* Resources */,
			);
			buildRules = (
			);
			dependencies = (
			);
			name = AmericanGiants;
			productName = AmericanGiants;
			productReference = D8AD196C2A03B44C00E03C90 /* AmericanGiants.app */;
			productType = "com.apple.product-type.application";
		};
/* End PBXNativeTarget section */

/* Begin PBXProject section */
		D8AD19642A03B44C00E03C90 /* Project object */ = {
			isa = PBXProject;
			attributes = {
				BuildIndependentTargetsInParallel = 1;
				LastSwiftUpdateCheck = 1430;
				LastUpgradeCheck = 1430;
				TargetAttributes = {
					D8AD196B2A03B44C00E03C90 = {
						CreatedOnToolsVersion = 14.3;
					};
				};
			};
			buildConfigurationList = D8AD19672A03B44C00E03C90 /* Build configuration list for PBXProject "AmericanGiants" */;
			compatibilityVersion = "Xcode 14.0";
			developmentRegion = en;
			hasScannedForEncodings = 0;
			knownRegions = (
				en,
				Base,
			);
			mainGroup = D8AD19632A03B44C00E03C90;
			productRefGroup = D8AD196D2A03B44C00E03C90 /* Products */;
			projectDirPath = "";
			projectRoot = "";
			targets = (
				D8AD196B2A03B44C00E03C90 /* AmericanGiants */,
			);
		};
/* End PBXProject section */

/* Begin PBXResourcesBuildPhase section */
		D8AD196A2A03B44C00E03C90 /* Resources */ = {
			isa = PBXResourcesBuildPhase;
			buildActionMask = 2147483647;
			files = (
				D8AD19B82A05198600E03C90 /* imageSets.xcassets in Resources */,
				D8AD19792A03B45000E03C90 /* Assets.xcassets in Resources */,
				D8AD19AC2A04C6E000E03C90 /* WelcomeViewController.storyboard in Resources */,
			);
			runOnlyForDeploymentPostprocessing = 0;
		};
/* End PBXResourcesBuildPhase section */

/* Begin PBXSourcesBuildPhase section */
		D8AD19682A03B44C00E03C90 /* Sources */ = {
			isa = PBXSourcesBuildPhase;
			buildActionMask = 2147483647;
			files = (
				D8AD19742A03B44C00E03C90 /* MainTabBarViewController.swift in Sources */,
				D8AD19B62A050DF800E03C90 /* WelcomeViewController.swift in Sources */,
				D8AD19B22A04CB3B00E03C90 /* UserViewController.swift in Sources */,
				D8AD19702A03B44C00E03C90 /* AppDelegate.swift in Sources */,
				D8AD19B02A04CB2600E03C90 /* CartViewController.swift in Sources */,
				D8AD19B42A050D4600E03C90 /* Constants.swift in Sources */,
				D8AD19722A03B44C00E03C90 /* SceneDelegate.swift in Sources */,
				D8AD19AE2A04CB1600E03C90 /* HomeViewController.swift in Sources */,
			);
			runOnlyForDeploymentPostprocessing = 0;
		};
/* End PBXSourcesBuildPhase section */

/* Begin XCBuildConfiguration section */
		D8AD197E2A03B45000E03C90 /* Debug */ = {
			isa = XCBuildConfiguration;
			buildSettings = {
				ALWAYS_SEARCH_USER_PATHS = NO;
				CLANG_ANALYZER_NONNULL = YES;
				CLANG_ANALYZER_NUMBER_OBJECT_CONVERSION = YES_AGGRESSIVE;
				CLANG_CXX_LANGUAGE_STANDARD = "gnu++20";
				CLANG_ENABLE_MODULES = YES;
				CLANG_ENABLE_OBJC_ARC = YES;
				CLANG_ENABLE_OBJC_WEAK = YES;
				CLANG_WARN_BLOCK_CAPTURE_AUTORELEASING = YES;
				CLANG_WARN_BOOL_CONVERSION = YES;
				CLANG_WARN_COMMA = YES;
				CLANG_WARN_CONSTANT_CONVERSION = YES;
				CLANG_WARN_DEPRECATED_OBJC_IMPLEMENTATIONS = YES;
				CLANG_WARN_DIRECT_OBJC_ISA_USAGE = YES_ERROR;
				CLANG_WARN_DOCUMENTATION_COMMENTS = YES;
				CLANG_WARN_EMPTY_BODY = YES;
				CLANG_WARN_ENUM_CONVERSION = YES;
				CLANG_WARN_INFINITE_RECURSION = YES;
				CLANG_WARN_INT_CONVERSION = YES;
				CLANG_WARN_NON_LITERAL_NULL_CONVERSION = YES;
				CLANG_WARN_OBJC_IMPLICIT_RETAIN_SELF = YES;
				CLANG_WARN_OBJC_LITERAL_CONVERSION = YES;
				CLANG_WARN_OBJC_ROOT_CLASS = YES_ERROR;
				CLANG_WARN_QUOTED_INCLUDE_IN_FRAMEWORK_HEADER = YES;
				CLANG_WARN_RANGE_LOOP_ANALYSIS = YES;
				CLANG_WARN_STRICT_PROTOTYPES = YES;
				CLANG_WARN_SUSPICIOUS_MOVE = YES;
				CLANG_WARN_UNGUARDED_AVAILABILITY = YES_AGGRESSIVE;
				CLANG_WARN_UNREACHABLE_CODE = YES;
				CLANG_WARN__DUPLICATE_METHOD_MATCH = YES;
				COPY_PHASE_STRIP = NO;
				DEBUG_INFORMATION_FORMAT = dwarf;
				ENABLE_STRICT_OBJC_MSGSEND = YES;
				ENABLE_TESTABILITY = YES;
				GCC_C_LANGUAGE_STANDARD = gnu11;
				GCC_DYNAMIC_NO_PIC = NO;
				GCC_NO_COMMON_BLOCKS = YES;
				GCC_OPTIMIZATION_LEVEL = 0;
				GCC_PREPROCESSOR_DEFINITIONS = (
					"DEBUG=1",
					"$(inherited)",
				);
				GCC_WARN_64_TO_32_BIT_CONVERSION = YES;
				GCC_WARN_ABOUT_RETURN_TYPE = YES_ERROR;
				GCC_WARN_UNDECLARED_SELECTOR = YES;
				GCC_WARN_UNINITIALIZED_AUTOS = YES_AGGRESSIVE;
				GCC_WARN_UNUSED_FUNCTION = YES;
				GCC_WARN_UNUSED_VARIABLE = YES;
				IPHONEOS_DEPLOYMENT_TARGET = 16.4;
				MTL_ENABLE_DEBUG_INFO = INCLUDE_SOURCE;
				MTL_FAST_MATH = YES;
				ONLY_ACTIVE_ARCH = YES;
				SDKROOT = iphoneos;
				SWIFT_ACTIVE_COMPILATION_CONDITIONS = DEBUG;
				SWIFT_OPTIMIZATION_LEVEL = "-Onone";
			};
			name = Debug;
		};
		D8AD197F2A03B45000E03C90 /* Release */ = {
			isa = XCBuildConfiguration;
			buildSettings = {
				ALWAYS_SEARCH_USER_PATHS = NO;
				CLANG_ANALYZER_NONNULL = YES;
				CLANG_ANALYZER_NUMBER_OBJECT_CONVERSION = YES_AGGRESSIVE;
				CLANG_CXX_LANGUAGE_STANDARD = "gnu++20";
				CLANG_ENABLE_MODULES = YES;
				CLANG_ENABLE_OBJC_ARC = YES;
				CLANG_ENABLE_OBJC_WEAK = YES;
				CLANG_WARN_BLOCK_CAPTURE_AUTORELEASING = YES;
				CLANG_WARN_BOOL_CONVERSION = YES;
				CLANG_WARN_COMMA = YES;
				CLANG_WARN_CONSTANT_CONVERSION = YES;
				CLANG_WARN_DEPRECATED_OBJC_IMPLEMENTATIONS = YES;
				CLANG_WARN_DIRECT_OBJC_ISA_USAGE = YES_ERROR;
				CLANG_WARN_DOCUMENTATION_COMMENTS = YES;
				CLANG_WARN_EMPTY_BODY = YES;
				CLANG_WARN_ENUM_CONVERSION = YES;
				CLANG_WARN_INFINITE_RECURSION = YES;
				CLANG_WARN_INT_CONVERSION = YES;
				CLANG_WARN_NON_LITERAL_NULL_CONVERSION = YES;
				CLANG_WARN_OBJC_IMPLICIT_RETAIN_SELF = YES;
				CLANG_WARN_OBJC_LITERAL_CONVERSION = YES;
				CLANG_WARN_OBJC_ROOT_CLASS = YES_ERROR;
				CLANG_WARN_QUOTED_INCLUDE_IN_FRAMEWORK_HEADER = YES;
				CLANG_WARN_RANGE_LOOP_ANALYSIS = YES;
				CLANG_WARN_STRICT_PROTOTYPES = YES;
				CLANG_WARN_SUSPICIOUS_MOVE = YES;
				CLANG_WARN_UNGUARDED_AVAILABILITY = YES_AGGRESSIVE;
				CLANG_WARN_UNREACHABLE_CODE = YES;
				CLANG_WARN__DUPLICATE_METHOD_MATCH = YES;
				COPY_PHASE_STRIP = NO;
				DEBUG_INFORMATION_FORMAT = "dwarf-with-dsym";
				ENABLE_NS_ASSERTIONS = NO;
				ENABLE_STRICT_OBJC_MSGSEND = YES;
				GCC_C_LANGUAGE_STANDARD = gnu11;
				GCC_NO_COMMON_BLOCKS = YES;
				GCC_WARN_64_TO_32_BIT_CONVERSION = YES;
				GCC_WARN_ABOUT_RETURN_TYPE = YES_ERROR;
				GCC_WARN_UNDECLARED_SELECTOR = YES;
				GCC_WARN_UNINITIALIZED_AUTOS = YES_AGGRESSIVE;
				GCC_WARN_UNUSED_FUNCTION = YES;
				GCC_WARN_UNUSED_VARIABLE = YES;
				IPHONEOS_DEPLOYMENT_TARGET = 16.4;
				MTL_ENABLE_DEBUG_INFO = NO;
				MTL_FAST_MATH = YES;
				SDKROOT = iphoneos;
				SWIFT_COMPILATION_MODE = wholemodule;
				SWIFT_OPTIMIZATION_LEVEL = "-O";
				VALIDATE_PRODUCT = YES;
			};
			name = Release;
		};
		D8AD19812A03B45000E03C90 /* Debug */ = {
			isa = XCBuildConfiguration;
			buildSettings = {
				ASSETCATALOG_COMPILER_APPICON_NAME = AppIcon;
				ASSETCATALOG_COMPILER_GLOBAL_ACCENT_COLOR_NAME = AccentColor;
				CODE_SIGN_STYLE = Automatic;
				CURRENT_PROJECT_VERSION = 1;
				GENERATE_INFOPLIST_FILE = YES;
				INFOPLIST_FILE = AmericanGiants/Info.plist;
				INFOPLIST_KEY_UIApplicationSupportsIndirectInputEvents = YES;
				INFOPLIST_KEY_UILaunchScreen_Generation = NO;
				INFOPLIST_KEY_UILaunchStoryboardName = WelcomeViewController;
				INFOPLIST_KEY_UIMainStoryboardFile = WelcomeViewController;
				INFOPLIST_KEY_UISupportedInterfaceOrientations_iPad = "UIInterfaceOrientationPortrait UIInterfaceOrientationPortraitUpsideDown UIInterfaceOrientationLandscapeLeft UIInterfaceOrientationLandscapeRight";
				INFOPLIST_KEY_UISupportedInterfaceOrientations_iPhone = "UIInterfaceOrientationPortrait UIInterfaceOrientationLandscapeLeft UIInterfaceOrientationLandscapeRight";
				LD_RUNPATH_SEARCH_PATHS = (
					"$(inherited)",
					"@executable_path/Frameworks",
				);
				MARKETING_VERSION = 1.0;
				PRODUCT_BUNDLE_IDENTIFIER = com.nuTech.AmericanGiants;
				PRODUCT_NAME = "$(TARGET_NAME)";
				SWIFT_EMIT_LOC_STRINGS = YES;
				SWIFT_VERSION = 5.0;
				TARGETED_DEVICE_FAMILY = "1,2";
			};
			name = Debug;
		};
		D8AD19822A03B45000E03C90 /* Release */ = {
			isa = XCBuildConfiguration;
			buildSettings = {
				ASSETCATALOG_COMPILER_APPICON_NAME = AppIcon;
				ASSETCATALOG_COMPILER_GLOBAL_ACCENT_COLOR_NAME = AccentColor;
				CODE_SIGN_STYLE = Automatic;
				CURRENT_PROJECT_VERSION = 1;
				GENERATE_INFOPLIST_FILE = YES;
				INFOPLIST_FILE = AmericanGiants/Info.plist;
				INFOPLIST_KEY_UIApplicationSupportsIndirectInputEvents = YES;
				INFOPLIST_KEY_UILaunchScreen_Generation = NO;
				INFOPLIST_KEY_UILaunchStoryboardName = WelcomeViewController;
				INFOPLIST_KEY_UIMainStoryboardFile = WelcomeViewController;
				INFOPLIST_KEY_UISupportedInterfaceOrientations_iPad = "UIInterfaceOrientationPortrait UIInterfaceOrientationPortraitUpsideDown UIInterfaceOrientationLandscapeLeft UIInterfaceOrientationLandscapeRight";
				INFOPLIST_KEY_UISupportedInterfaceOrientations_iPhone = "UIInterfaceOrientationPortrait UIInterfaceOrientationLandscapeLeft UIInterfaceOrientationLandscapeRight";
				LD_RUNPATH_SEARCH_PATHS = (
					"$(inherited)",
					"@executable_path/Frameworks",
				);
				MARKETING_VERSION = 1.0;
				PRODUCT_BUNDLE_IDENTIFIER = com.nuTech.AmericanGiants;
				PRODUCT_NAME = "$(TARGET_NAME)";
				SWIFT_EMIT_LOC_STRINGS = YES;
				SWIFT_VERSION = 5.0;
				TARGETED_DEVICE_FAMILY = "1,2";
			};
			name = Release;
		};
/* End XCBuildConfiguration section */

/* Begin XCConfigurationList section */
		D8AD19672A03B44C00E03C90 /* Build configuration list for PBXProject "AmericanGiants" */ = {
			isa = XCConfigurationList;
			buildConfigurations = (
				D8AD197E2A03B45000E03C90 /* Debug */,
				D8AD197F2A03B45000E03C90 /* Release */,
			);
			defaultConfigurationIsVisible = 0;
			defaultConfigurationName = Release;
		};
		D8AD19802A03B45000E03C90 /* Build configuration list for PBXNativeTarget "AmericanGiants" */ = {
			isa = XCConfigurationList;
			buildConfigurations = (
				D8AD19812A03B45000E03C90 /* Debug */,
				D8AD19822A03B45000E03C90 /* Release */,
			);
			defaultConfigurationIsVisible = 0;
			defaultConfigurationName = Release;
		};
/* End XCConfigurationList section */
	};
	rootObject = D8AD19642A03B44C00E03C90 /* Project object */;
}
